
Microsoft Visual Studio Solution File, Format Version 12.00
# Visual Studio Version 16
VisualStudioVersion = 16.0.31624.102
MinimumVisualStudioVersion = 10.0.40219.1
Project("{FAE04EC0-301F-11D3-BF4B-00C04F79EFBC}") = "Project-2", "Project-2\Project-2.csproj", "{A28EDD17-E4E4-4278-8720-845C4C3904FE}"
EndProject
Project("{FAE04EC0-301F-11D3-BF4B-00C04F79EFBC}") = "Utilities", "Utilities\Utilities.csproj", "{6E6633F9-4F35-41C3-B302-02EB8BC94A6E}"
EndProject
Global
	GlobalSection(SolutionConfigurationPlatforms) = preSolution
		Debug|Any CPU = Debug|Any CPU
		Release|Any CPU = Release|Any CPU
	EndGlobalSection
	GlobalSection(ProjectConfigurationPlatforms) = postSolution
		{A28EDD17-E4E4-4278-8720-845C4C3904FE}.Debug|Any CPU.ActiveCfg = Debug|Any CPU
		{A28EDD17-E4E4-4278-8720-845C4C3904FE}.Debug|Any CPU.Build.0 = Debug|Any CPU
		{A28EDD17-E4E4-4278-8720-845C4C3904FE}.Release|Any CPU.ActiveCfg = Release|Any CPU
		{A28EDD17-E4E4-4278-8720-845C4C3904FE}.Release|Any CPU.Build.0 = Release|Any CPU
		{6E6633F9-4F35-41C3-B302-02EB8BC94A6E}.Debug|Any CPU.ActiveCfg = Debug|Any CPU
		{6E6633F9-4F35-41C3-B302-02EB8BC94A6E}.Debug|Any CPU.Build.0 = Debug|Any CPU
		{6E6633F9-4F35-41C3-B302-02EB8BC94A6E}.Release|Any CPU.ActiveCfg = Release|Any CPU
		{6E6633F9-4F35-41C3-B302-02EB8BC94A6E}.Release|Any CPU.Build.0 = Release|Any CPU
	EndGlobalSection
	GlobalSection(SolutionProperties) = preSolution
		HideSolutionNode = FALSE
	EndGlobalSection
	GlobalSection(ExtensibilityGlobals) = postSolution
		SolutionGuid = {855B3332-1ACF-443B-86FB-90E403D06336}
	EndGlobalSection
EndGlobal
